
Microsoft Visual Studio Solution File, Format Version 12.00
# Visual Studio Version 17
VisualStudioVersion = 17.7.34018.315
MinimumVisualStudioVersion = 10.0.40219.1
Project("{9A19103F-16F7-4668-BE54-9A1E7A4F7556}") = "Tower", "Tower\Tower.csproj", "{A09D520D-6129-475D-B3B8-40A526732431}"
EndProject
Project("{2150E333-8FDC-42A3-9474-1A3956D46DE8}") = "Arquivos para teste", "Arquivos para teste", "{1A8D8BFB-B6CD-485E-931C-269DEC9DD0A6}"
	ProjectSection(SolutionItems) = preProject
		..\Sistema-Legado\docker-compose.yml = ..\Sistema-Legado\docker-compose.yml
	EndProjectSection
EndProject
Project("{FAE04EC0-301F-11D3-BF4B-00C04F79EFBC}") = "TowerTests", "TowerTests\TowerTests.csproj", "{A9BC32FF-73E5-4431-A76C-1D2ACC97CB78}"
EndProject
Project("{2150E333-8FDC-42A3-9474-1A3956D46DE8}") = "Solution Items", "Solution Items", "{E0276BA2-879F-466D-BB6D-D9762E00230F}"
	ProjectSection(SolutionItems) = preProject
		.editorconfig = .editorconfig
	EndProjectSection
EndProject
Project("{2150E333-8FDC-42A3-9474-1A3956D46DE8}") = "Itens de Solução", "Itens de Solução", "{9667D5E3-A21A-4B75-BF0E-93F9525D93CE}"
	ProjectSection(SolutionItems) = preProject
		README.md = README.md
	EndProjectSection
EndProject
Global
	GlobalSection(SolutionConfigurationPlatforms) = preSolution
		Debug|Any CPU = Debug|Any CPU
		Release|Any CPU = Release|Any CPU
	EndGlobalSection
	GlobalSection(ProjectConfigurationPlatforms) = postSolution
		{A09D520D-6129-475D-B3B8-40A526732431}.Debug|Any CPU.ActiveCfg = Debug|Any CPU
		{A09D520D-6129-475D-B3B8-40A526732431}.Debug|Any CPU.Build.0 = Debug|Any CPU
		{A09D520D-6129-475D-B3B8-40A526732431}.Release|Any CPU.ActiveCfg = Release|Any CPU
		{A09D520D-6129-475D-B3B8-40A526732431}.Release|Any CPU.Build.0 = Release|Any CPU
		{A9BC32FF-73E5-4431-A76C-1D2ACC97CB78}.Debug|Any CPU.ActiveCfg = Debug|Any CPU
		{A9BC32FF-73E5-4431-A76C-1D2ACC97CB78}.Debug|Any CPU.Build.0 = Debug|Any CPU
		{A9BC32FF-73E5-4431-A76C-1D2ACC97CB78}.Release|Any CPU.ActiveCfg = Release|Any CPU
		{A9BC32FF-73E5-4431-A76C-1D2ACC97CB78}.Release|Any CPU.Build.0 = Release|Any CPU
	EndGlobalSection
	GlobalSection(SolutionProperties) = preSolution
		HideSolutionNode = FALSE
	EndGlobalSection
	GlobalSection(ExtensibilityGlobals) = postSolution
		SolutionGuid = {FCEC2B34-4473-4CEA-9211-EB64572BB1DB}
	EndGlobalSection
EndGlobal
